
Microsoft Visual Studio Solution File, Format Version 12.00
# Visual Studio Version 16
VisualStudioVersion = 16.0.29424.173
MinimumVisualStudioVersion = 10.0.40219.1
Project("{FAE04EC0-301F-11D3-BF4B-00C04F79EFBC}") = "In class excersize", "In class excersize.csproj", "{C50E5815-B1E1-44B3-AED8-3EDE77F550D8}"
EndProject
Global
	GlobalSection(SolutionConfigurationPlatforms) = preSolution
		Debug|Any CPU = Debug|Any CPU
		Release|Any CPU = Release|Any CPU
	EndGlobalSection
	GlobalSection(ProjectConfigurationPlatforms) = postSolution
		{C50E5815-B1E1-44B3-AED8-3EDE77F550D8}.Debug|Any CPU.ActiveCfg = Debug|Any CPU
		{C50E5815-B1E1-44B3-AED8-3EDE77F550D8}.Debug|Any CPU.Build.0 = Debug|Any CPU
		{C50E5815-B1E1-44B3-AED8-3EDE77F550D8}.Release|Any CPU.ActiveCfg = Release|Any CPU
		{C50E5815-B1E1-44B3-AED8-3EDE77F550D8}.Release|Any CPU.Build.0 = Release|Any CPU
	EndGlobalSection
	GlobalSection(SolutionProperties) = preSolution
		HideSolutionNode = FALSE
	EndGlobalSection
	GlobalSection(ExtensibilityGlobals) = postSolution
		SolutionGuid = {A7E150AD-370B-4819-A390-53D37D09C7D8}
	EndGlobalSection
EndGlobal
