
Microsoft Visual Studio Solution File, Format Version 12.00
# Visual Studio Version 16
VisualStudioVersion = 16.0.29424.173
MinimumVisualStudioVersion = 10.0.40219.1
Project("{FAE04EC0-301F-11D3-BF4B-00C04F79EFBC}") = "Health Club Membership Fee Calculator", "Health Club Membership Fee Calculator.csproj", "{C147A7AE-95E9-4E85-93C3-55E41F17323C}"
EndProject
Global
	GlobalSection(SolutionConfigurationPlatforms) = preSolution
		Debug|Any CPU = Debug|Any CPU
		Release|Any CPU = Release|Any CPU
	EndGlobalSection
	GlobalSection(ProjectConfigurationPlatforms) = postSolution
		{C147A7AE-95E9-4E85-93C3-55E41F17323C}.Debug|Any CPU.ActiveCfg = Debug|Any CPU
		{C147A7AE-95E9-4E85-93C3-55E41F17323C}.Debug|Any CPU.Build.0 = Debug|Any CPU
		{C147A7AE-95E9-4E85-93C3-55E41F17323C}.Release|Any CPU.ActiveCfg = Release|Any CPU
		{C147A7AE-95E9-4E85-93C3-55E41F17323C}.Release|Any CPU.Build.0 = Release|Any CPU
	EndGlobalSection
	GlobalSection(SolutionProperties) = preSolution
		HideSolutionNode = FALSE
	EndGlobalSection
	GlobalSection(ExtensibilityGlobals) = postSolution
		SolutionGuid = {020E98FE-1CE3-4586-A303-9B52F1798ABE}
	EndGlobalSection
EndGlobal
