
Microsoft Visual Studio Solution File, Format Version 12.00
# Visual Studio Version 16
VisualStudioVersion = 16.0.29102.190
MinimumVisualStudioVersion = 10.0.40219.1
Project("{FAE04EC0-301F-11D3-BF4B-00C04F79EFBC}") = "LoopsTestEX3", "LoopsTestEX3.csproj", "{19A162DD-E7EC-412A-857C-140F3D404662}"
EndProject
Global
	GlobalSection(SolutionConfigurationPlatforms) = preSolution
		Debug|Any CPU = Debug|Any CPU
		Release|Any CPU = Release|Any CPU
	EndGlobalSection
	GlobalSection(ProjectConfigurationPlatforms) = postSolution
		{19A162DD-E7EC-412A-857C-140F3D404662}.Debug|Any CPU.ActiveCfg = Debug|Any CPU
		{19A162DD-E7EC-412A-857C-140F3D404662}.Debug|Any CPU.Build.0 = Debug|Any CPU
		{19A162DD-E7EC-412A-857C-140F3D404662}.Release|Any CPU.ActiveCfg = Release|Any CPU
		{19A162DD-E7EC-412A-857C-140F3D404662}.Release|Any CPU.Build.0 = Release|Any CPU
	EndGlobalSection
	GlobalSection(SolutionProperties) = preSolution
		HideSolutionNode = FALSE
	EndGlobalSection
	GlobalSection(ExtensibilityGlobals) = postSolution
		SolutionGuid = {2B57E25B-1F8D-4613-8E01-538C6816AEC6}
	EndGlobalSection
EndGlobal
