
Microsoft Visual Studio Solution File, Format Version 12.00
# Visual Studio Version 16
VisualStudioVersion = 16.0.29102.190
MinimumVisualStudioVersion = 10.0.40219.1
Project("{FAE04EC0-301F-11D3-BF4B-00C04F79EFBC}") = "Celsius to Fahrenheit", "Celsius to Fahrenheit.csproj", "{88BE4A2E-D2EE-4AA2-A073-161DFC52077B}"
EndProject
Global
	GlobalSection(SolutionConfigurationPlatforms) = preSolution
		Debug|Any CPU = Debug|Any CPU
		Release|Any CPU = Release|Any CPU
	EndGlobalSection
	GlobalSection(ProjectConfigurationPlatforms) = postSolution
		{88BE4A2E-D2EE-4AA2-A073-161DFC52077B}.Debug|Any CPU.ActiveCfg = Debug|Any CPU
		{88BE4A2E-D2EE-4AA2-A073-161DFC52077B}.Debug|Any CPU.Build.0 = Debug|Any CPU
		{88BE4A2E-D2EE-4AA2-A073-161DFC52077B}.Release|Any CPU.ActiveCfg = Release|Any CPU
		{88BE4A2E-D2EE-4AA2-A073-161DFC52077B}.Release|Any CPU.Build.0 = Release|Any CPU
	EndGlobalSection
	GlobalSection(SolutionProperties) = preSolution
		HideSolutionNode = FALSE
	EndGlobalSection
	GlobalSection(ExtensibilityGlobals) = postSolution
		SolutionGuid = {C293E3BB-675F-461F-9265-AFE2AFEECC0F}
	EndGlobalSection
EndGlobal
